{
  "name": "node",
  "version": "1.0.0",
  "lockfileVersion": 3,
  "requires": true,
  "packages": {
    "": {
      "name": "node",
      "version": "1.0.0",
      "license": "ISC",
      "dependencies": {
        "random-word-slugs": "^0.1.7"
      }
    },
    "node_modules/random-word-slugs": {
      "version": "0.1.7",
      "resolved": "https://registry.npmjs.org/random-word-slugs/-/random-word-slugs-0.1.7.tgz",
      "integrity": "sha512-8cyzxOIDeLFvwSPTgCItMXHGT5ZPkjhuFKUTww06Xg1dNMXuGxIKlARvS7upk6JXIm41ZKXmtlKR1iCRWklKmg==",
      "license": "MIT"
    }
  }
}
